
Microsoft Visual Studio Solution File, Format Version 12.00
# Visual Studio 2012
Project("{FAE04EC0-301F-11D3-BF4B-00C04F79EFBC}") = "Get_Pointing", "Get_Pointing\Get_Pointing.csproj", "{C9120832-34E0-4CED-86F0-E528B6DF7EE5}"
EndProject
Global
	GlobalSection(SolutionConfigurationPlatforms) = preSolution
		Debug|Any CPU = Debug|Any CPU
		Release|Any CPU = Release|Any CPU
	EndGlobalSection
	GlobalSection(ProjectConfigurationPlatforms) = postSolution
		{C9120832-34E0-4CED-86F0-E528B6DF7EE5}.Debug|Any CPU.ActiveCfg = Debug|Any CPU
		{C9120832-34E0-4CED-86F0-E528B6DF7EE5}.Debug|Any CPU.Build.0 = Debug|Any CPU
		{C9120832-34E0-4CED-86F0-E528B6DF7EE5}.Release|Any CPU.ActiveCfg = Release|Any CPU
		{C9120832-34E0-4CED-86F0-E528B6DF7EE5}.Release|Any CPU.Build.0 = Release|Any CPU
	EndGlobalSection
	GlobalSection(SolutionProperties) = preSolution
		HideSolutionNode = FALSE
	EndGlobalSection
EndGlobal
